
Microsoft Visual Studio Solution File, Format Version 12.00
# Visual Studio Version 16
VisualStudioVersion = 16.0.31624.102
MinimumVisualStudioVersion = 10.0.40219.1
Project("{FAE04EC0-301F-11D3-BF4B-00C04F79EFBC}") = "Class Schedule", "Class Schedule.csproj", "{046B188C-F804-4539-80F7-319B01556110}"
EndProject
Global
	GlobalSection(SolutionConfigurationPlatforms) = preSolution
		Debug|Any CPU = Debug|Any CPU
		Release|Any CPU = Release|Any CPU
	EndGlobalSection
	GlobalSection(ProjectConfigurationPlatforms) = postSolution
		{046B188C-F804-4539-80F7-319B01556110}.Debug|Any CPU.ActiveCfg = Debug|Any CPU
		{046B188C-F804-4539-80F7-319B01556110}.Debug|Any CPU.Build.0 = Debug|Any CPU
		{046B188C-F804-4539-80F7-319B01556110}.Release|Any CPU.ActiveCfg = Release|Any CPU
		{046B188C-F804-4539-80F7-319B01556110}.Release|Any CPU.Build.0 = Release|Any CPU
	EndGlobalSection
	GlobalSection(SolutionProperties) = preSolution
		HideSolutionNode = FALSE
	EndGlobalSection
	GlobalSection(ExtensibilityGlobals) = postSolution
		SolutionGuid = {FED4201D-4C98-4F5B-8147-87B4BCC902DD}
	EndGlobalSection
EndGlobal
